{
  "name": "ping",
  "lockfileVersion": 2,
  "requires": true,
  "packages": {
    "": {
      "dependencies": {
        "@wapc/as-guest": "^0.3.1"
      }
    },
    "node_modules/@wapc/as-guest": {
      "version": "0.3.1",
      "resolved": "https://registry.npmjs.org/@wapc/as-guest/-/as-guest-0.3.1.tgz",
      "integrity": "sha512-RftwLaQTB9GPX5Nu/sKoPcTP4sxmUYYqdMLRhi9xBj14SK7rP3EP2wvIbnSga4xBBdyXvd8v5Tsq7bfAj5BhSA=="
    }
  },
  "dependencies": {
    "@wapc/as-guest": {
      "version": "0.3.1",
      "resolved": "https://registry.npmjs.org/@wapc/as-guest/-/as-guest-0.3.1.tgz",
      "integrity": "sha512-RftwLaQTB9GPX5Nu/sKoPcTP4sxmUYYqdMLRhi9xBj14SK7rP3EP2wvIbnSga4xBBdyXvd8v5Tsq7bfAj5BhSA=="
    }
  }
}
